
Microsoft Visual Studio Solution File, Format Version 12.00
# Visual Studio Version 17
VisualStudioVersion = 17.8.34330.188
MinimumVisualStudioVersion = 10.0.40219.1
Project("{FAE04EC0-301F-11D3-BF4B-00C04F79EFBC}") = "MusicPlayerApp", "MusicPlayerApp.csproj", "{90F49B5F-F4F6-489F-8AEB-0D3721D61AFE}"
EndProject
Global
	GlobalSection(SolutionConfigurationPlatforms) = preSolution
		Debug|Any CPU = Debug|Any CPU
		Debug|x86 = Debug|x86
		Release|Any CPU = Release|Any CPU
		Release|x86 = Release|x86
	EndGlobalSection
	GlobalSection(ProjectConfigurationPlatforms) = postSolution
		{90F49B5F-F4F6-489F-8AEB-0D3721D61AFE}.Debug|Any CPU.ActiveCfg = Debug|Any CPU
		{90F49B5F-F4F6-489F-8AEB-0D3721D61AFE}.Debug|Any CPU.Build.0 = Debug|Any CPU
		{90F49B5F-F4F6-489F-8AEB-0D3721D61AFE}.Debug|x86.ActiveCfg = Debug|x86
		{90F49B5F-F4F6-489F-8AEB-0D3721D61AFE}.Debug|x86.Build.0 = Debug|x86
		{90F49B5F-F4F6-489F-8AEB-0D3721D61AFE}.Release|Any CPU.ActiveCfg = Release|Any CPU
		{90F49B5F-F4F6-489F-8AEB-0D3721D61AFE}.Release|Any CPU.Build.0 = Release|Any CPU
		{90F49B5F-F4F6-489F-8AEB-0D3721D61AFE}.Release|x86.ActiveCfg = Release|x86
		{90F49B5F-F4F6-489F-8AEB-0D3721D61AFE}.Release|x86.Build.0 = Release|x86
	EndGlobalSection
	GlobalSection(SolutionProperties) = preSolution
		HideSolutionNode = FALSE
	EndGlobalSection
	GlobalSection(ExtensibilityGlobals) = postSolution
		SolutionGuid = {705B8584-C930-4A21-85FA-A6F3431AD1A5}
	EndGlobalSection
EndGlobal
